
Microsoft Visual Studio Solution File, Format Version 11.00
# Visual Studio 2010
Project("{8BC9CEB8-8B4A-11D0-8D11-00A0C91BC942}") = "HW05", "HW05\HW05.vcxproj", "{59AC8B04-DF8D-4067-B648-D67E6A6C3467}"
EndProject
Global
	GlobalSection(SolutionConfigurationPlatforms) = preSolution
		Debug|Win32 = Debug|Win32
		Release|Win32 = Release|Win32
	EndGlobalSection
	GlobalSection(ProjectConfigurationPlatforms) = postSolution
		{59AC8B04-DF8D-4067-B648-D67E6A6C3467}.Debug|Win32.ActiveCfg = Debug|Win32
		{59AC8B04-DF8D-4067-B648-D67E6A6C3467}.Debug|Win32.Build.0 = Debug|Win32
		{59AC8B04-DF8D-4067-B648-D67E6A6C3467}.Release|Win32.ActiveCfg = Release|Win32
		{59AC8B04-DF8D-4067-B648-D67E6A6C3467}.Release|Win32.Build.0 = Release|Win32
	EndGlobalSection
	GlobalSection(SolutionProperties) = preSolution
		HideSolutionNode = FALSE
	EndGlobalSection
EndGlobal
